PODS:
  - QMonthElement (0.1.0):
    - QuickDialog (~> 0.9)
    - SRMonthPicker
  - QuickDialog (0.9)
  - SRMonthPicker (0.2.9)

DEPENDENCIES:
  - QMonthElement (from `../.`)

EXTERNAL SOURCES:
  QMonthElement:
    :path: ../.

SPEC CHECKSUMS:
  QMonthElement: 887082b1418453d82941966ae591240b6e06f3b8
  QuickDialog: aea6a7b1a235ba0439065a45e5b124a8422f4e2c
  SRMonthPicker: 483ab343465f8b88bb54394e37be692b50418fd1

COCOAPODS: 0.25.0
